{
  "version": 4,
  "terraform_version": "0.12.31",
  "serial": 13,
  "lineage": "b35e5d9c-a3da-7bd1-9c1d-b5d0fb0a35e6",
  "outputs": {},
  "resources": [
    {
      "mode": "managed",
      "type": "google_compute_network",
      "name": "vpc_network",
      "provider": "provider.google",
      "instances": [
        {
          "schema_version": 0,
          "attributes": {
            "auto_create_subnetworks": false,
            "delete_default_routes_on_create": false,
            "description": "",
            "gateway_ipv4": "",
            "id": "network",
            "ipv4_range": "",
            "name": "network",
            "project": "cloudx-finaltask",
            "routing_mode": "REGIONAL",
            "self_link": "https://www.googleapis.com/compute/v1/projects/cloudx-finaltask/global/networks/network",
            "timeouts": {
              "create": null,
              "delete": null,
              "update": null
            }
          }
        }
      ]
    },
    {
      "mode": "managed",
      "type": "google_compute_router",
      "name": "router",
      "provider": "provider.google",
      "instances": [
        {
          "schema_version": 0,
          "attributes": {
            "bgp": [
              {
                "advertise_mode": "DEFAULT",
                "advertised_groups": [],
                "advertised_ip_ranges": [],
                "asn": 64514
              }
            ],
            "creation_timestamp": "2021-08-19T08:05:19.967-07:00",
            "description": "",
            "id": "us-central1/inet-router",
            "name": "inet-router",
            "network": "https://www.googleapis.com/compute/v1/projects/cloudx-finaltask/global/networks/network",
            "project": "cloudx-finaltask",
            "region": "us-central1",
            "self_link": "https://www.googleapis.com/compute/v1/projects/cloudx-finaltask/regions/us-central1/routers/inet-router",
            "timeouts": {
              "create": null,
              "delete": null,
              "update": null
            }
          },
          "dependencies": [
            "google_compute_network.vpc_network",
            "google_compute_subnetwork.vpc_subnet"
          ]
        }
      ]
    },
    {
      "mode": "managed",
      "type": "google_compute_router_nat",
      "name": "nat",
      "provider": "provider.google",
      "instances": [
        {
          "schema_version": 0,
          "attributes": {
            "icmp_idle_timeout_sec": 30,
            "id": "cloudx-finaltask/us-central1/inet-router/nat-gateway",
            "log_config": [
              {
                "enable": true,
                "filter": "ERRORS_ONLY"
              }
            ],
            "min_ports_per_vm": 0,
            "name": "nat-gateway",
            "nat_ip_allocate_option": "AUTO_ONLY",
            "nat_ips": [],
            "project": "cloudx-finaltask",
            "region": "us-central1",
            "router": "inet-router",
            "source_subnetwork_ip_ranges_to_nat": "ALL_SUBNETWORKS_ALL_IP_RANGES",
            "subnetwork": [],
            "tcp_established_idle_timeout_sec": 1200,
            "tcp_transitory_idle_timeout_sec": 30,
            "timeouts": null,
            "udp_idle_timeout_sec": 30
          },
          "private": "eyJlMmJmYjczMC1lY2FhLTExZTYtOGY4OC0zNDM2M2JjN2M0YzAiOnsiY3JlYXRlIjo2MDAwMDAwMDAwMDAsImRlbGV0ZSI6NjAwMDAwMDAwMDAwLCJ1cGRhdGUiOjYwMDAwMDAwMDAwMH19",
          "dependencies": [
            "google_compute_router.router"
          ]
        }
      ]
    },
    {
      "mode": "managed",
      "type": "google_compute_subnetwork",
      "name": "vpc_subnet",
      "provider": "provider.google",
      "instances": [
        {
          "schema_version": 0,
          "attributes": {
            "creation_timestamp": "2021-08-19T07:58:12.429-07:00",
            "description": "",
            "enable_flow_logs": false,
            "fingerprint": "tdK1-PagxuU=",
            "gateway_address": "10.1.0.1",
            "id": "us-central1/us-central1-subnet",
            "ip_cidr_range": "10.1.0.0/24",
            "log_config": [],
            "name": "us-central1-subnet",
            "network": "https://www.googleapis.com/compute/v1/projects/cloudx-finaltask/global/networks/network",
            "private_ip_google_access": true,
            "project": "cloudx-finaltask",
            "region": "us-central1",
            "secondary_ip_range": [
              {
                "ip_cidr_range": "10.2.0.0/20",
                "range_name": "pods"
              },
              {
                "ip_cidr_range": "10.3.0.0/20",
                "range_name": "services"
              },
              {
                "ip_cidr_range": "10.4.0.0/20",
                "range_name": "private-services"
              }
            ],
            "self_link": "https://www.googleapis.com/compute/v1/projects/cloudx-finaltask/regions/us-central1/subnetworks/us-central1-subnet",
            "timeouts": {
              "create": null,
              "delete": null,
              "update": null
            }
          },
          "dependencies": [
            "google_compute_network.vpc_network"
          ]
        }
      ]
    },
    {
      "mode": "managed",
      "type": "google_container_node_pool",
      "name": "primary_private_nodes",
      "provider": "provider.google",
      "instances": []
    },
    {
      "mode": "managed",
      "type": "google_service_account",
      "name": "gke_service_account",
      "provider": "provider.google",
      "instances": [
        {
          "schema_version": 0,
          "attributes": {
            "account_id": "kubernetes",
            "description": "GKE service account",
            "display_name": "kubernetes",
            "email": "kubernetes@cloudx-finaltask.iam.gserviceaccount.com",
            "id": "projects/cloudx-finaltask/serviceAccounts/kubernetes@cloudx-finaltask.iam.gserviceaccount.com",
            "name": "projects/cloudx-finaltask/serviceAccounts/kubernetes@cloudx-finaltask.iam.gserviceaccount.com",
            "policy_data": null,
            "project": "cloudx-finaltask",
            "unique_id": "111747869562598098296"
          },
          "private": "bnVsbA=="
        }
      ]
    },
    {
      "mode": "managed",
      "type": "google_service_account",
      "name": "service_account",
      "provider": "provider.google",
      "instances": [
        {
          "schema_version": 0,
          "attributes": {
            "account_id": "nextcloud",
            "description": "Next Cloud service account",
            "display_name": "nextcloud",
            "email": "nextcloud@cloudx-finaltask.iam.gserviceaccount.com",
            "id": "projects/cloudx-finaltask/serviceAccounts/nextcloud@cloudx-finaltask.iam.gserviceaccount.com",
            "name": "projects/cloudx-finaltask/serviceAccounts/nextcloud@cloudx-finaltask.iam.gserviceaccount.com",
            "policy_data": null,
            "project": "cloudx-finaltask",
            "unique_id": "111652284311510106022"
          },
          "private": "bnVsbA=="
        }
      ]
    }
  ]
}
