{
    "version": 3,
    "terraform_version": "0.11.14",
    "serial": 5,
    "lineage": "b35e5d9c-a3da-7bd1-9c1d-b5d0fb0a35e6",
    "modules": [
        {
            "path": [
                "root"
            ],
            "outputs": {},
            "resources": {
                "google_compute_network.vpc_network": {
                    "type": "google_compute_network",
                    "depends_on": [],
                    "primary": {
                        "id": "network",
                        "attributes": {
                            "auto_create_subnetworks": "false",
                            "gateway_ipv4": "",
                            "id": "network",
                            "ipv4_range": "",
                            "name": "network",
                            "project": "cloudx-finaltask",
                            "self_link": "https://www.googleapis.com/compute/v1/projects/cloudx-finaltask/global/networks/network"
                        },
                        "meta": {},
                        "tainted": false
                    },
                    "deposed": [],
                    "provider": "provider.google"
                },
                "google_compute_router.router": {
                    "type": "google_compute_router",
                    "depends_on": [
                        "google_compute_network.vpc_network",
                        "google_compute_subnetwork.vpc_subnet"
                    ],
                    "primary": {
                        "id": "us-central1/inet-router",
                        "attributes": {
                            "bgp.#": "1",
                            "bgp.0.asn": "64514",
                            "description": "",
                            "id": "us-central1/inet-router",
                            "name": "inet-router",
                            "network": "https://www.googleapis.com/compute/v1/projects/cloudx-finaltask/global/networks/network",
                            "project": "cloudx-finaltask",
                            "region": "us-central1",
                            "self_link": "https://www.googleapis.com/compute/v1/projects/cloudx-finaltask/regions/us-central1/routers/inet-router"
                        },
                        "meta": {},
                        "tainted": false
                    },
                    "deposed": [],
                    "provider": "provider.google"
                },
                "google_compute_subnetwork.vpc_subnet": {
                    "type": "google_compute_subnetwork",
                    "depends_on": [
                        "google_compute_network.vpc_network"
                    ],
                    "primary": {
                        "id": "us-central1/us-central1-subnet",
                        "attributes": {
                            "description": "",
                            "gateway_address": "10.1.0.1",
                            "id": "us-central1/us-central1-subnet",
                            "ip_cidr_range": "10.1.0.0/24",
                            "name": "us-central1-subnet",
                            "network": "https://www.googleapis.com/compute/beta/projects/cloudx-finaltask/global/networks/network",
                            "private_ip_google_access": "true",
                            "region": "us-central1",
                            "secondary_ip_range.#": "3",
                            "secondary_ip_range.0.ip_cidr_range": "10.2.0.0/20",
                            "secondary_ip_range.0.range_name": "pods",
                            "secondary_ip_range.1.ip_cidr_range": "10.3.0.0/20",
                            "secondary_ip_range.1.range_name": "services",
                            "secondary_ip_range.2.ip_cidr_range": "10.4.0.0/20",
                            "secondary_ip_range.2.range_name": "private-services",
                            "self_link": "https://www.googleapis.com/compute/v1/projects/cloudx-finaltask/regions/us-central1/subnetworks/us-central1-subnet"
                        },
                        "meta": {},
                        "tainted": false
                    },
                    "deposed": [],
                    "provider": "provider.google"
                }
            },
            "depends_on": []
        }
    ]
}
