{
  "version": 4,
  "terraform_version": "0.12.31",
  "serial": 16,
  "lineage": "b35e5d9c-a3da-7bd1-9c1d-b5d0fb0a35e6",
  "outputs": {},
  "resources": [
    {
      "mode": "managed",
      "type": "google_compute_network",
      "name": "vpc_network",
      "provider": "provider.google",
      "instances": [
        {
          "schema_version": 0,
          "attributes": {
            "auto_create_subnetworks": false,
            "delete_default_routes_on_create": false,
            "description": "",
            "gateway_ipv4": "",
            "id": "network",
            "ipv4_range": "",
            "name": "network",
            "project": "cloudx-finaltask",
            "routing_mode": "REGIONAL",
            "self_link": "https://www.googleapis.com/compute/v1/projects/cloudx-finaltask/global/networks/network",
            "timeouts": {
              "create": null,
              "delete": null,
              "update": null
            }
          }
        }
      ]
    },
    {
      "mode": "managed",
      "type": "google_compute_router",
      "name": "router",
      "provider": "provider.google",
      "instances": [
        {
          "schema_version": 0,
          "attributes": {
            "bgp": [
              {
                "advertise_mode": "DEFAULT",
                "advertised_groups": [],
                "advertised_ip_ranges": [],
                "asn": 64514
              }
            ],
            "creation_timestamp": "2021-08-19T08:05:19.967-07:00",
            "description": "",
            "id": "us-central1/inet-router",
            "name": "inet-router",
            "network": "https://www.googleapis.com/compute/v1/projects/cloudx-finaltask/global/networks/network",
            "project": "cloudx-finaltask",
            "region": "us-central1",
            "self_link": "https://www.googleapis.com/compute/v1/projects/cloudx-finaltask/regions/us-central1/routers/inet-router",
            "timeouts": {
              "create": null,
              "delete": null,
              "update": null
            }
          },
          "dependencies": [
            "google_compute_network.vpc_network",
            "google_compute_subnetwork.vpc_subnet"
          ]
        }
      ]
    },
    {
      "mode": "managed",
      "type": "google_compute_router_nat",
      "name": "nat",
      "provider": "provider.google",
      "instances": [
        {
          "schema_version": 0,
          "attributes": {
            "icmp_idle_timeout_sec": 30,
            "id": "cloudx-finaltask/us-central1/inet-router/nat-gateway",
            "log_config": [
              {
                "enable": true,
                "filter": "ERRORS_ONLY"
              }
            ],
            "min_ports_per_vm": 0,
            "name": "nat-gateway",
            "nat_ip_allocate_option": "AUTO_ONLY",
            "nat_ips": [],
            "project": "cloudx-finaltask",
            "region": "us-central1",
            "router": "inet-router",
            "source_subnetwork_ip_ranges_to_nat": "ALL_SUBNETWORKS_ALL_IP_RANGES",
            "subnetwork": [],
            "tcp_established_idle_timeout_sec": 1200,
            "tcp_transitory_idle_timeout_sec": 30,
            "timeouts": null,
            "udp_idle_timeout_sec": 30
          },
          "private": "eyJlMmJmYjczMC1lY2FhLTExZTYtOGY4OC0zNDM2M2JjN2M0YzAiOnsiY3JlYXRlIjo2MDAwMDAwMDAwMDAsImRlbGV0ZSI6NjAwMDAwMDAwMDAwLCJ1cGRhdGUiOjYwMDAwMDAwMDAwMH19",
          "dependencies": [
            "google_compute_router.router"
          ]
        }
      ]
    },
    {
      "mode": "managed",
      "type": "google_compute_subnetwork",
      "name": "vpc_subnet",
      "provider": "provider.google",
      "instances": [
        {
          "schema_version": 0,
          "attributes": {
            "creation_timestamp": "2021-08-19T07:58:12.429-07:00",
            "description": "",
            "enable_flow_logs": false,
            "fingerprint": "tdK1-PagxuU=",
            "gateway_address": "10.1.0.1",
            "id": "us-central1/us-central1-subnet",
            "ip_cidr_range": "10.1.0.0/24",
            "log_config": [],
            "name": "us-central1-subnet",
            "network": "https://www.googleapis.com/compute/v1/projects/cloudx-finaltask/global/networks/network",
            "private_ip_google_access": true,
            "project": "cloudx-finaltask",
            "region": "us-central1",
            "secondary_ip_range": [
              {
                "ip_cidr_range": "10.2.0.0/20",
                "range_name": "pods"
              },
              {
                "ip_cidr_range": "10.3.0.0/20",
                "range_name": "services"
              },
              {
                "ip_cidr_range": "10.4.0.0/20",
                "range_name": "private-services"
              }
            ],
            "self_link": "https://www.googleapis.com/compute/v1/projects/cloudx-finaltask/regions/us-central1/subnetworks/us-central1-subnet",
            "timeouts": {
              "create": null,
              "delete": null,
              "update": null
            }
          },
          "dependencies": [
            "google_compute_network.vpc_network"
          ]
        }
      ]
    },
    {
      "mode": "managed",
      "type": "google_container_cluster",
      "name": "primary",
      "provider": "provider.google",
      "instances": [
        {
          "schema_version": 1,
          "attributes": {
            "additional_zones": [
              "us-central1-a",
              "us-central1-b"
            ],
            "addons_config": [
              {
                "horizontal_pod_autoscaling": [],
                "http_load_balancing": [],
                "kubernetes_dashboard": [
                  {
                    "disabled": true
                  }
                ],
                "network_policy_config": [
                  {
                    "disabled": true
                  }
                ]
              }
            ],
            "cluster_autoscaling": [],
            "cluster_ipv4_cidr": "10.2.0.0/20",
            "default_max_pods_per_node": 110,
            "description": "GKE cluster",
            "enable_binary_authorization": null,
            "enable_intranode_visibility": null,
            "enable_kubernetes_alpha": false,
            "enable_legacy_abac": false,
            "enable_tpu": null,
            "endpoint": "35.194.2.133",
            "id": "cluster",
            "initial_node_count": 1,
            "instance_group_urls": [],
            "ip_allocation_policy": [
              {
                "cluster_ipv4_cidr_block": "10.2.0.0/20",
                "cluster_secondary_range_name": "pods",
                "create_subnetwork": false,
                "node_ipv4_cidr_block": "10.1.0.0/24",
                "services_ipv4_cidr_block": "10.3.0.0/20",
                "services_secondary_range_name": "services",
                "subnetwork_name": "",
                "use_ip_aliases": true
              }
            ],
            "location": "us-central1",
            "logging_service": "logging.googleapis.com/kubernetes",
            "maintenance_policy": [],
            "master_auth": [
              {
                "client_certificate": "",
                "client_certificate_config": [
                  {
                    "issue_client_certificate": false
                  }
                ],
                "client_key": "",
                "cluster_ca_certificate": "LS0tLS1CRUdJTiBDRVJUSUZJQ0FURS0tLS0tCk1JSUVMVENDQXBXZ0F3SUJBZ0lSQU5zQW55ZWNkMnE4UWFCbStPQS9MQW93RFFZSktvWklodmNOQVFFTEJRQXcKTHpFdE1Dc0dBMVVFQXhNa01HWmhabVprWm1JdE5UazNOaTAwWVRjeUxUbGtNemN0TUdFMU1tRmlaR1JqWm1ZMQpNQ0FYRFRJeE1EZ3lNakUyTVRNME9Gb1lEekl3TlRFd09ERTFNVGN4TXpRNFdqQXZNUzB3S3dZRFZRUURFeVF3ClptRm1abVJtWWkwMU9UYzJMVFJoTnpJdE9XUXpOeTB3WVRVeVlXSmtaR05tWmpVd2dnR2lNQTBHQ1NxR1NJYjMKRFFFQkFRVUFBNElCandBd2dnR0tBb0lCZ1FESWFoVWo3UHQxdmRxallDOG1vS0s0a1VGblVyUXBvbXhXYURZYgptdHBtU24rR3BEejljSmVPbHBjZVBxdkUrUFM3QmZVamYzeUtteWRzNTR1Y1ptdi96QVhESUVObllmRU53cU5kClN6TE5wZkNqZ2ErYUdUTmVlb2pCOTBoY2pVZEhHR0ZYMWZ3OEplN2dweCtHUWF2NTVWYTFNbTRLVTEwaVg5ODkKbXdJUVRKUURwQ204YmRCTnNNbUxKSmlHZmVDdmthVXNPNWF2eE8xc2h5djM1c3A5Wi92bWFOSnVOM0lTeW1ESgp4dTR6eXNzYkp0dEF1RHZ4dW1EQkM3VEszUThDZldScElCMDI4SUJHUlZPanYrbXBJRUc3amhLNk9MMllLakdFCmQ1cHlRRTBRQXQ1clFtZ0xzZkV1cndjeXRiOE5XaDRITEZJMDArVkVVN1lRdnRneVV1eU16OXR3MGNNaC9zSWcKRWJrZmlSdktqNnRsb29Zd3NtdzFSM2x4SlJWc1JEMmZlS0w5K0ZZWU53c1h3WXA0RzRtZ3VKOUcyUmdLUHlmcgpXTnMydmRHY29idS8vbkVlUVBzNUVmbmV3aElDVVJwY1FEZkpZa2J2eEVDSlluNUNMcXpCRGRneFF5SGJmd3lUCkpPUFhTWU9rbERDcTRkMUQvTUJrQ04vMHh2TUNBd0VBQWFOQ01FQXdEZ1lEVlIwUEFRSC9CQVFEQWdJRU1BOEcKQTFVZEV3RUIvd1FGTUFNQkFmOHdIUVlEVlIwT0JCWUVGRXJmZ1NSRFRPQWN3TytHWnVndXZqSy9BSWQwTUEwRwpDU3FHU0liM0RRRUJDd1VBQTRJQmdRQ2UyZGhveVdrWjNTczc5T1lRNjVwaTR5S1FnWGFiNzlNVEFNRWVGMnk1CjBQNzlMaHkya2kwSUgra1RNMEQ4MGpkZE1tN3dlR2FTcGxJUFVFMExFZWtYQ096dEFqVEs5bkpwQ2FVM2pzQXcKSWM3N3N1WHh1VHNZd3BDSTRVLzhlMEVqMVBJOElUL3RSV1g0MmtRbGFWckM5b3BFNTR5MmV1UE1NOVRIT3RaMgp2SS9zMDZQZjlUL2VYN2NLL3J1VFN2QW9UNjVxYkdkZFE2K2NLOTVnazYzMDNhUnErbFEwanFJOVRoMHhOKy9GCjcvU2wrT2lkMklvUXVZY1FidEdrN1dFbjFoSDhRc3JBTXc2dC9oM3ZJUUV4dDdpZVMrNUZyZmVtWlhxcjJCdEMKbkg2WS95NWhMeDZXUHlidjhqV2dnSjUwNC9KdFVUdzVLSmFjMTNTL2xIQWRoWE1MSGZzZ1pnTjhhczViRlpvYgoySXpDNGFwdXMxMDIwMVIvamxaVFZ1cVJzdThMOVRySWlYOUErQ3R1OWhlaXA5NFVLOEFjMWFTT2c3dU50Y0FpCmtpYUI5c3BFNWU2ekNJRzVkQmFEYW5YZnJsVjhEc3R5S0w3bEpDZjRhYSs5cVF1QjluNDE3ZHFOOEFBcHRLMUgKZGZOQmdibThmc0FEd1doc0JqTkJrZ0U9Ci0tLS0tRU5EIENFUlRJRklDQVRFLS0tLS0K",
                "password": "",
                "username": ""
              }
            ],
            "master_authorized_networks_config": [
              {
                "cidr_blocks": [
                  {
                    "cidr_block": "0.0.0.0/0",
                    "display_name": "auth-allow-all"
                  }
                ]
              }
            ],
            "master_version": "1.20.8-gke.900",
            "min_master_version": null,
            "monitoring_service": "monitoring.googleapis.com/kubernetes",
            "name": "cluster",
            "network": "projects/cloudx-finaltask/global/networks/network",
            "network_policy": [
              {
                "enabled": false,
                "provider": "PROVIDER_UNSPECIFIED"
              }
            ],
            "node_config": [],
            "node_locations": [
              "us-central1-a",
              "us-central1-b"
            ],
            "node_pool": [],
            "node_version": "1.20.8-gke.900",
            "pod_security_policy_config": [],
            "private_cluster_config": [
              {
                "enable_private_endpoint": false,
                "enable_private_nodes": true,
                "master_ipv4_cidr_block": "172.16.0.0/28",
                "private_endpoint": "172.16.0.2",
                "public_endpoint": "35.194.2.133"
              }
            ],
            "project": "cloudx-finaltask",
            "region": "us-central1",
            "remove_default_node_pool": true,
            "resource_labels": null,
            "services_ipv4_cidr": "10.3.0.0/20",
            "subnetwork": "projects/cloudx-finaltask/regions/us-central1/subnetworks/us-central1-subnet",
            "timeouts": null,
            "zone": null
          },
          "private": "eyJlMmJmYjczMC1lY2FhLTExZTYtOGY4OC0zNDM2M2JjN2M0YzAiOnsiY3JlYXRlIjoxODAwMDAwMDAwMDAwLCJkZWxldGUiOjE4MDAwMDAwMDAwMDAsInVwZGF0ZSI6MzYwMDAwMDAwMDAwMH0sInNjaGVtYV92ZXJzaW9uIjoiMSJ9",
          "dependencies": [
            "google_compute_network.vpc_network",
            "google_compute_subnetwork.vpc_subnet"
          ]
        }
      ]
    },
    {
      "mode": "managed",
      "type": "google_container_node_pool",
      "name": "primary_private_nodes",
      "provider": "provider.google",
      "instances": [
        {
          "schema_version": 1,
          "attributes": {
            "autoscaling": [],
            "cluster": "cluster",
            "id": "us-central1/cluster/privat-node-pool",
            "initial_node_count": 2,
            "instance_group_urls": [
              "https://www.googleapis.com/compute/v1/projects/cloudx-finaltask/zones/us-central1-b/instanceGroupManagers/gke-cluster-privat-node-pool-7d423869-grp",
              "https://www.googleapis.com/compute/v1/projects/cloudx-finaltask/zones/us-central1-a/instanceGroupManagers/gke-cluster-privat-node-pool-d18817bd-grp"
            ],
            "location": "us-central1",
            "management": [
              {
                "auto_repair": true,
                "auto_upgrade": true
              }
            ],
            "max_pods_per_node": 110,
            "name": "privat-node-pool",
            "name_prefix": "",
            "node_config": [
              {
                "disk_size_gb": 100,
                "disk_type": "pd-standard",
                "guest_accelerator": [],
                "image_type": "COS_CONTAINERD",
                "labels": {},
                "local_ssd_count": 0,
                "machine_type": "n1-standard-1",
                "metadata": {
                  "disable-legacy-endpoints": "true"
                },
                "min_cpu_platform": "",
                "oauth_scopes": [
                  "https://www.googleapis.com/auth/cloud-platform"
                ],
                "preemptible": false,
                "sandbox_config": [],
                "service_account": "kubernetes@cloudx-finaltask.iam.gserviceaccount.com",
                "shielded_instance_config": [
                  {
                    "enable_integrity_monitoring": true,
                    "enable_secure_boot": false
                  }
                ],
                "tags": null,
                "taint": [],
                "workload_metadata_config": []
              }
            ],
            "node_count": 2,
            "project": "cloudx-finaltask",
            "region": "us-central1",
            "timeouts": null,
            "version": "1.20.8-gke.900",
            "zone": null
          },
          "private": "eyJlMmJmYjczMC1lY2FhLTExZTYtOGY4OC0zNDM2M2JjN2M0YzAiOnsiY3JlYXRlIjoxODAwMDAwMDAwMDAwLCJkZWxldGUiOjYwMDAwMDAwMDAwMCwidXBkYXRlIjo2MDAwMDAwMDAwMDB9LCJzY2hlbWFfdmVyc2lvbiI6IjEifQ==",
          "dependencies": [
            "google_compute_network.vpc_network",
            "google_compute_subnetwork.vpc_subnet",
            "google_container_cluster.primary",
            "google_service_account.gke_service_account"
          ]
        }
      ]
    },
    {
      "mode": "managed",
      "type": "google_service_account",
      "name": "gke_service_account",
      "provider": "provider.google",
      "instances": [
        {
          "schema_version": 0,
          "attributes": {
            "account_id": "kubernetes",
            "description": "GKE service account",
            "display_name": "kubernetes",
            "email": "kubernetes@cloudx-finaltask.iam.gserviceaccount.com",
            "id": "projects/cloudx-finaltask/serviceAccounts/kubernetes@cloudx-finaltask.iam.gserviceaccount.com",
            "name": "projects/cloudx-finaltask/serviceAccounts/kubernetes@cloudx-finaltask.iam.gserviceaccount.com",
            "policy_data": null,
            "project": "cloudx-finaltask",
            "unique_id": "111747869562598098296"
          },
          "private": "bnVsbA=="
        }
      ]
    },
    {
      "mode": "managed",
      "type": "google_service_account",
      "name": "service_account",
      "provider": "provider.google",
      "instances": [
        {
          "schema_version": 0,
          "attributes": {
            "account_id": "nextcloud",
            "description": "Next Cloud service account",
            "display_name": "nextcloud",
            "email": "nextcloud@cloudx-finaltask.iam.gserviceaccount.com",
            "id": "projects/cloudx-finaltask/serviceAccounts/nextcloud@cloudx-finaltask.iam.gserviceaccount.com",
            "name": "projects/cloudx-finaltask/serviceAccounts/nextcloud@cloudx-finaltask.iam.gserviceaccount.com",
            "policy_data": null,
            "project": "cloudx-finaltask",
            "unique_id": "111652284311510106022"
          },
          "private": "bnVsbA=="
        }
      ]
    }
  ]
}
